
Microsoft Visual Studio Solution File, Format Version 12.00
# Visual Studio 15
VisualStudioVersion = 15.0.28010.2003
MinimumVisualStudioVersion = 10.0.40219.1
Project("{9A19103F-16F7-4668-BE54-9A1E7A4F7556}") = "MovigenCore", "MovigenCore\MovigenCore.csproj", "{18B135F2-77CE-448F-9589-8E6AB673C9A1}"
EndProject
Global
	GlobalSection(SolutionConfigurationPlatforms) = preSolution
		Debug|Any CPU = Debug|Any CPU
		Release|Any CPU = Release|Any CPU
	EndGlobalSection
	GlobalSection(ProjectConfigurationPlatforms) = postSolution
		{18B135F2-77CE-448F-9589-8E6AB673C9A1}.Debug|Any CPU.ActiveCfg = Debug|Any CPU
		{18B135F2-77CE-448F-9589-8E6AB673C9A1}.Debug|Any CPU.Build.0 = Debug|Any CPU
		{18B135F2-77CE-448F-9589-8E6AB673C9A1}.Release|Any CPU.ActiveCfg = Release|Any CPU
		{18B135F2-77CE-448F-9589-8E6AB673C9A1}.Release|Any CPU.Build.0 = Release|Any CPU
	EndGlobalSection
	GlobalSection(SolutionProperties) = preSolution
		HideSolutionNode = FALSE
	EndGlobalSection
	GlobalSection(ExtensibilityGlobals) = postSolution
		SolutionGuid = {A5954D54-6D57-404D-A490-F8BD666EB3E3}
	EndGlobalSection
EndGlobal
